
Microsoft Visual Studio Solution File, Format Version 12.00
# Visual Studio Version 17
VisualStudioVersion = 17.9.34723.18
MinimumVisualStudioVersion = 10.0.40219.1
Project("{FAE04EC0-301F-11D3-BF4B-00C04F79EFBC}") = "CodingCompetency", "CodingCompetency\CodingCompetency.csproj", "{ED93F0A1-95CC-49EB-80B1-FEB3E882A70C}"
EndProject
Project("{FAE04EC0-301F-11D3-BF4B-00C04F79EFBC}") = "Rules", "Rules\Rules.csproj", "{11569D6C-DA94-46F1-9EAB-2914F95ECBBD}"
EndProject
Project("{FAE04EC0-301F-11D3-BF4B-00C04F79EFBC}") = "Rules.Test", "Rules.Test\Rules.Test.csproj", "{4CAD7CA0-E801-4173-8186-8650188F9BDB}"
EndProject
Global
	GlobalSection(SolutionConfigurationPlatforms) = preSolution
		Debug|Any CPU = Debug|Any CPU
		Release|Any CPU = Release|Any CPU
	EndGlobalSection
	GlobalSection(ProjectConfigurationPlatforms) = postSolution
		{ED93F0A1-95CC-49EB-80B1-FEB3E882A70C}.Debug|Any CPU.ActiveCfg = Debug|Any CPU
		{ED93F0A1-95CC-49EB-80B1-FEB3E882A70C}.Debug|Any CPU.Build.0 = Debug|Any CPU
		{ED93F0A1-95CC-49EB-80B1-FEB3E882A70C}.Release|Any CPU.ActiveCfg = Release|Any CPU
		{ED93F0A1-95CC-49EB-80B1-FEB3E882A70C}.Release|Any CPU.Build.0 = Release|Any CPU
		{11569D6C-DA94-46F1-9EAB-2914F95ECBBD}.Debug|Any CPU.ActiveCfg = Debug|Any CPU
		{11569D6C-DA94-46F1-9EAB-2914F95ECBBD}.Debug|Any CPU.Build.0 = Debug|Any CPU
		{11569D6C-DA94-46F1-9EAB-2914F95ECBBD}.Release|Any CPU.ActiveCfg = Release|Any CPU
		{11569D6C-DA94-46F1-9EAB-2914F95ECBBD}.Release|Any CPU.Build.0 = Release|Any CPU
		{4CAD7CA0-E801-4173-8186-8650188F9BDB}.Debug|Any CPU.ActiveCfg = Debug|Any CPU
		{4CAD7CA0-E801-4173-8186-8650188F9BDB}.Debug|Any CPU.Build.0 = Debug|Any CPU
		{4CAD7CA0-E801-4173-8186-8650188F9BDB}.Release|Any CPU.ActiveCfg = Release|Any CPU
		{4CAD7CA0-E801-4173-8186-8650188F9BDB}.Release|Any CPU.Build.0 = Release|Any CPU
	EndGlobalSection
	GlobalSection(SolutionProperties) = preSolution
		HideSolutionNode = FALSE
	EndGlobalSection
	GlobalSection(ExtensibilityGlobals) = postSolution
		SolutionGuid = {64F5C1B8-8A71-4D99-8AF4-220C1E0734B1}
	EndGlobalSection
EndGlobal
